{
  "version": 4,
  "terraform_version": "1.11.4",
  "serial": 295,
  "lineage": "670e13e7-3e2b-68aa-fb93-2eb716a32382",
  "outputs": {},
  "resources": [
    {
      "mode": "managed",
      "type": "google_compute_global_address",
      "name": "private_ip_address",
      "provider": "provider[\"registry.terraform.io/hashicorp/google\"]",
      "instances": [
        {
          "schema_version": 0,
          "attributes": {
            "address": "10.231.0.0",
            "address_type": "INTERNAL",
            "creation_timestamp": "2025-05-19T01:27:52.147-07:00",
            "description": "",
            "id": "projects/leaf-test-3/global/addresses/nw1-vpc",
            "ip_version": "",
            "name": "nw1-vpc",
            "network": "https://www.googleapis.com/compute/v1/projects/leaf-test-3/global/networks/nw1-vpc",
            "prefix_length": 16,
            "project": "leaf-test-3",
            "purpose": "VPC_PEERING",
            "self_link": "https://www.googleapis.com/compute/v1/projects/leaf-test-3/global/addresses/nw1-vpc",
            "timeouts": null
          },
          "sensitive_attributes": [],
          "private": "eyJlMmJmYjczMC1lY2FhLTExZTYtOGY4OC0zNDM2M2JjN2M0YzAiOnsiY3JlYXRlIjoxMjAwMDAwMDAwMDAwLCJkZWxldGUiOjEyMDAwMDAwMDAwMDB9fQ==",
          "dependencies": [
            "google_compute_network.nw1-vpc"
          ]
        }
      ]
    },
    {
      "mode": "managed",
      "type": "google_compute_network",
      "name": "nw1-vpc",
      "provider": "provider[\"registry.terraform.io/hashicorp/google\"]",
      "instances": [
        {
          "schema_version": 0,
          "attributes": {
            "auto_create_subnetworks": false,
            "delete_default_routes_on_create": false,
            "description": "",
            "enable_ula_internal_ipv6": false,
            "gateway_ipv4": "",
            "id": "projects/leaf-test-3/global/networks/nw1-vpc",
            "internal_ipv6_range": "",
            "mtu": 1460,
            "name": "nw1-vpc",
            "network_firewall_policy_enforcement_order": "AFTER_CLASSIC_FIREWALL",
            "numeric_id": "2867672528988886419",
            "project": "leaf-test-3",
            "routing_mode": "REGIONAL",
            "self_link": "https://www.googleapis.com/compute/v1/projects/leaf-test-3/global/networks/nw1-vpc",
            "timeouts": null
          },
          "sensitive_attributes": [],
          "private": "eyJlMmJmYjczMC1lY2FhLTExZTYtOGY4OC0zNDM2M2JjN2M0YzAiOnsiY3JlYXRlIjoxMjAwMDAwMDAwMDAwLCJkZWxldGUiOjEyMDAwMDAwMDAwMDAsInVwZGF0ZSI6MTIwMDAwMDAwMDAwMH19"
        }
      ]
    },
    {
      "mode": "managed",
      "type": "google_service_networking_connection",
      "name": "private_vpc_connection",
      "provider": "provider[\"registry.terraform.io/hashicorp/google\"]",
      "instances": [
        {
          "schema_version": 0,
          "attributes": {
            "deletion_policy": null,
            "id": "projects%2Fleaf-test-3%2Fglobal%2Fnetworks%2Fnw1-vpc:servicenetworking.googleapis.com",
            "network": "projects/leaf-test-3/global/networks/nw1-vpc",
            "peering": "servicenetworking-googleapis-com",
            "reserved_peering_ranges": [
              "nw1-vpc"
            ],
            "service": "servicenetworking.googleapis.com",
            "timeouts": null
          },
          "sensitive_attributes": [],
          "private": "eyJlMmJmYjczMC1lY2FhLTExZTYtOGY4OC0zNDM2M2JjN2M0YzAiOnsiY3JlYXRlIjo2MDAwMDAwMDAwMDAsImRlbGV0ZSI6NjAwMDAwMDAwMDAwLCJ1cGRhdGUiOjYwMDAwMDAwMDAwMH19",
          "dependencies": [
            "google_compute_global_address.private_ip_address",
            "google_compute_network.nw1-vpc"
          ]
        }
      ]
    }
  ],
  "check_results": null
}
